
Microsoft Visual Studio Solution File, Format Version 12.00
# Visual Studio Version 17
VisualStudioVersion = 17.9.34723.18
MinimumVisualStudioVersion = 10.0.40219.1
Project("{FAE04EC0-301F-11D3-BF4B-00C04F79EFBC}") = "backcrud", "backcrud\backcrud.csproj", "{70C4DB62-AEE4-4939-8C5B-6EA30BD870B0}"
EndProject
Global
	GlobalSection(SolutionConfigurationPlatforms) = preSolution
		Debug|Any CPU = Debug|Any CPU
		Release|Any CPU = Release|Any CPU
	EndGlobalSection
	GlobalSection(ProjectConfigurationPlatforms) = postSolution
		{70C4DB62-AEE4-4939-8C5B-6EA30BD870B0}.Debug|Any CPU.ActiveCfg = Debug|Any CPU
		{70C4DB62-AEE4-4939-8C5B-6EA30BD870B0}.Debug|Any CPU.Build.0 = Debug|Any CPU
		{70C4DB62-AEE4-4939-8C5B-6EA30BD870B0}.Release|Any CPU.ActiveCfg = Release|Any CPU
		{70C4DB62-AEE4-4939-8C5B-6EA30BD870B0}.Release|Any CPU.Build.0 = Release|Any CPU
	EndGlobalSection
	GlobalSection(SolutionProperties) = preSolution
		HideSolutionNode = FALSE
	EndGlobalSection
	GlobalSection(ExtensibilityGlobals) = postSolution
		SolutionGuid = {CFE3D189-7CFA-4025-A167-FF2B61527DDB}
	EndGlobalSection
EndGlobal
